
Microsoft Visual Studio Solution File, Format Version 12.00
# Visual Studio Version 16
VisualStudioVersion = 16.0.31624.102
MinimumVisualStudioVersion = 10.0.40219.1
Project("{FAE04EC0-301F-11D3-BF4B-00C04F79EFBC}") = "MISA.CoreWebApp", "MISA.CoreWebApp\MISA.CoreWebApp.csproj", "{8B53BB22-8BF6-4ACF-8AB6-53772E9AACF4}"
EndProject
Project("{FAE04EC0-301F-11D3-BF4B-00C04F79EFBC}") = "MISA.Core", "MISA.Core\MISA.Core.csproj", "{AF83FD97-834B-4909-9178-CAC95080E53B}"
EndProject
Project("{FAE04EC0-301F-11D3-BF4B-00C04F79EFBC}") = "MISA.Infrastructure", "MISA.Infrastructure\MISA.Infrastructure.csproj", "{6BB12B63-0DB9-4825-B8FE-11B41129AB68}"
EndProject
Global
	GlobalSection(SolutionConfigurationPlatforms) = preSolution
		Debug|Any CPU = Debug|Any CPU
		Release|Any CPU = Release|Any CPU
	EndGlobalSection
	GlobalSection(ProjectConfigurationPlatforms) = postSolution
		{8B53BB22-8BF6-4ACF-8AB6-53772E9AACF4}.Debug|Any CPU.ActiveCfg = Debug|Any CPU
		{8B53BB22-8BF6-4ACF-8AB6-53772E9AACF4}.Debug|Any CPU.Build.0 = Debug|Any CPU
		{8B53BB22-8BF6-4ACF-8AB6-53772E9AACF4}.Release|Any CPU.ActiveCfg = Release|Any CPU
		{8B53BB22-8BF6-4ACF-8AB6-53772E9AACF4}.Release|Any CPU.Build.0 = Release|Any CPU
		{AF83FD97-834B-4909-9178-CAC95080E53B}.Debug|Any CPU.ActiveCfg = Debug|Any CPU
		{AF83FD97-834B-4909-9178-CAC95080E53B}.Debug|Any CPU.Build.0 = Debug|Any CPU
		{AF83FD97-834B-4909-9178-CAC95080E53B}.Release|Any CPU.ActiveCfg = Release|Any CPU
		{AF83FD97-834B-4909-9178-CAC95080E53B}.Release|Any CPU.Build.0 = Release|Any CPU
		{6BB12B63-0DB9-4825-B8FE-11B41129AB68}.Debug|Any CPU.ActiveCfg = Debug|Any CPU
		{6BB12B63-0DB9-4825-B8FE-11B41129AB68}.Debug|Any CPU.Build.0 = Debug|Any CPU
		{6BB12B63-0DB9-4825-B8FE-11B41129AB68}.Release|Any CPU.ActiveCfg = Release|Any CPU
		{6BB12B63-0DB9-4825-B8FE-11B41129AB68}.Release|Any CPU.Build.0 = Release|Any CPU
	EndGlobalSection
	GlobalSection(SolutionProperties) = preSolution
		HideSolutionNode = FALSE
	EndGlobalSection
	GlobalSection(ExtensibilityGlobals) = postSolution
		SolutionGuid = {01744BCC-6D10-4396-8507-C734DD9B6CAD}
	EndGlobalSection
EndGlobal
